// !$*UTF8*$!
{
	archiveVersion = 1;
	classes = {
	};
	objectVersion = 50;
	objects = {

/* Begin PBXBuildFile section */
		D923487524553CDA00A47B77 /* Extension.swift in Sources */ = {isa = PBXBuildFile; fileRef = D923487424553CDA00A47B77 /* Extension.swift */; };
		D94948B423DBE911001C646C /* README.md in Resources */ = {isa = PBXBuildFile; fileRef = D94948B323DBE911001C646C /* README.md */; };
		D9BA9764245EA08E000243DB /* BubbleSortViewController.swift in Sources */ = {isa = PBXBuildFile; fileRef = D9BA9763245EA08E000243DB /* BubbleSortViewController.swift */; };
		D9BA9766245EACFB000243DB /* BubbleSortScene.swift in Sources */ = {isa = PBXBuildFile; fileRef = D9BA9765245EACFB000243DB /* BubbleSortScene.swift */; };
		D9D0C9F421B23AC2008FC8DF /* AppDelegate.swift in Sources */ = {isa = PBXBuildFile; fileRef = D9D0C9F321B23AC2008FC8DF /* AppDelegate.swift */; };
		D9D0C9F621B23AC2008FC8DF /* HomeViewController.swift in Sources */ = {isa = PBXBuildFile; fileRef = D9D0C9F521B23AC2008FC8DF /* HomeViewController.swift */; };
		D9D0C9FB21B23AC5008FC8DF /* Assets.xcassets in Resources */ = {isa = PBXBuildFile; fileRef = D9D0C9FA21B23AC5008FC8DF /* Assets.xcassets */; };
		D9D0C9FE21B23AC5008FC8DF /* LaunchScreen.storyboard in Resources */ = {isa = PBXBuildFile; fileRef = D9D0C9FC21B23AC5008FC8DF /* LaunchScreen.storyboard */; };
		D9E0EBFF24555CA5001062E4 /* PullingPoleViewController.swift in Sources */ = {isa = PBXBuildFile; fileRef = D9E0EBFE24555CA5001062E4 /* PullingPoleViewController.swift */; };
		D9E0EC0224555D1F001062E4 /* PullingPoleScene.swift in Sources */ = {isa = PBXBuildFile; fileRef = D9E0EC0124555D1F001062E4 /* PullingPoleScene.swift */; };
		D9E0EC0624555F0D001062E4 /* Tile.swift in Sources */ = {isa = PBXBuildFile; fileRef = D9E0EC0524555F0D001062E4 /* Tile.swift */; };
		D9E0EC082455617A001062E4 /* Stick.swift in Sources */ = {isa = PBXBuildFile; fileRef = D9E0EC072455617A001062E4 /* Stick.swift */; };
		D9E0EC0A245561A7001062E4 /* Disk.swift in Sources */ = {isa = PBXBuildFile; fileRef = D9E0EC09245561A7001062E4 /* Disk.swift */; };
		D9E0EC0C245561CF001062E4 /* TowerOfHanoiScene.swift in Sources */ = {isa = PBXBuildFile; fileRef = D9E0EC0B245561CF001062E4 /* TowerOfHanoiScene.swift */; };
		D9E0EC0E24556218001062E4 /* TowerOfHanoiViewController.swift in Sources */ = {isa = PBXBuildFile; fileRef = D9E0EC0D24556218001062E4 /* TowerOfHanoiViewController.swift */; };
/* End PBXBuildFile section */

/* Begin PBXFileReference section */
		D923487424553CDA00A47B77 /* Extension.swift */ = {isa = PBXFileReference; lastKnownFileType = sourcecode.swift; path = Extension.swift; sourceTree = "<group>"; };
		D94948B323DBE911001C646C /* README.md */ = {isa = PBXFileReference; fileEncoding = 4; lastKnownFileType = net.daringfireball.markdown; path = README.md; sourceTree = "<group>"; };
		D9BA9763245EA08E000243DB /* BubbleSortViewController.swift */ = {isa = PBXFileReference; lastKnownFileType = sourcecode.swift; path = BubbleSortViewController.swift; sourceTree = "<group>"; };
		D9BA9765245EACFB000243DB /* BubbleSortScene.swift */ = {isa = PBXFileReference; lastKnownFileType = sourcecode.swift; path = BubbleSortScene.swift; sourceTree = "<group>"; };
		D9D0C9F021B23AC2008FC8DF /* Algorithm.app */ = {isa = PBXFileReference; explicitFileType = wrapper.application; includeInIndex = 0; path = Algorithm.app; sourceTree = BUILT_PRODUCTS_DIR; };
		D9D0C9F321B23AC2008FC8DF /* AppDelegate.swift */ = {isa = PBXFileReference; lastKnownFileType = sourcecode.swift; path = AppDelegate.swift; sourceTree = "<group>"; };
		D9D0C9F521B23AC2008FC8DF /* HomeViewController.swift */ = {isa = PBXFileReference; lastKnownFileType = sourcecode.swift; path = HomeViewController.swift; sourceTree = "<group>"; };
		D9D0C9FA21B23AC5008FC8DF /* Assets.xcassets */ = {isa = PBXFileReference; lastKnownFileType = folder.assetcatalog; path = Assets.xcassets; sourceTree = "<group>"; };
		D9D0C9FD21B23AC5008FC8DF /* Base */ = {isa = PBXFileReference; lastKnownFileType = file.storyboard; name = Base; path = Base.lproj/LaunchScreen.storyboard; sourceTree = "<group>"; };
		D9D0C9FF21B23AC5008FC8DF /* Info.plist */ = {isa = PBXFileReference; lastKnownFileType = text.plist.xml; path = Info.plist; sourceTree = "<group>"; };
		D9E0EBFE24555CA5001062E4 /* PullingPoleViewController.swift */ = {isa = PBXFileReference; lastKnownFileType = sourcecode.swift; path = PullingPoleViewController.swift; sourceTree = "<group>"; };
		D9E0EC0124555D1F001062E4 /* PullingPoleScene.swift */ = {isa = PBXFileReference; lastKnownFileType = sourcecode.swift; path = PullingPoleScene.swift; sourceTree = "<group>"; };
		D9E0EC0524555F0D001062E4 /* Tile.swift */ = {isa = PBXFileReference; lastKnownFileType = sourcecode.swift; path = Tile.swift; sourceTree = "<group>"; };
		D9E0EC072455617A001062E4 /* Stick.swift */ = {isa = PBXFileReference; lastKnownFileType = sourcecode.swift; path = Stick.swift; sourceTree = "<group>"; };
		D9E0EC09245561A7001062E4 /* Disk.swift */ = {isa = PBXFileReference; lastKnownFileType = sourcecode.swift; path = Disk.swift; sourceTree = "<group>"; };
		D9E0EC0B245561CF001062E4 /* TowerOfHanoiScene.swift */ = {isa = PBXFileReference; lastKnownFileType = sourcecode.swift; path = TowerOfHanoiScene.swift; sourceTree = "<group>"; };
		D9E0EC0D24556218001062E4 /* TowerOfHanoiViewController.swift */ = {isa = PBXFileReference; lastKnownFileType = sourcecode.swift; path = TowerOfHanoiViewController.swift; sourceTree = "<group>"; };
/* End PBXFileReference section */

/* Begin PBXFrameworksBuildPhase section */
		D9D0C9ED21B23AC2008FC8DF /* Frameworks */ = {
			isa = PBXFrameworksBuildPhase;
			buildActionMask = 2147483647;
			files = (
			);
			runOnlyForDeploymentPostprocessing = 0;
		};
/* End PBXFrameworksBuildPhase section */

/* Begin PBXGroup section */
		D92348722455361300A47B77 /* ViewController */ = {
			isa = PBXGroup;
			children = (
				D9D0C9F521B23AC2008FC8DF /* HomeViewController.swift */,
				D9E0EBFE24555CA5001062E4 /* PullingPoleViewController.swift */,
				D9E0EC0D24556218001062E4 /* TowerOfHanoiViewController.swift */,
				D9BA9763245EA08E000243DB /* BubbleSortViewController.swift */,
			);
			path = ViewController;
			sourceTree = "<group>";
		};
		D923487324553CC400A47B77 /* Helper */ = {
			isa = PBXGroup;
			children = (
				D923487424553CDA00A47B77 /* Extension.swift */,
			);
			path = Helper;
			sourceTree = "<group>";
		};
		D9D0C9E721B23AC2008FC8DF = {
			isa = PBXGroup;
			children = (
				D9D0C9F221B23AC2008FC8DF /* Algorithm */,
				D9D0C9F121B23AC2008FC8DF /* Products */,
				D94948B323DBE911001C646C /* README.md */,
			);
			sourceTree = "<group>";
		};
		D9D0C9F121B23AC2008FC8DF /* Products */ = {
			isa = PBXGroup;
			children = (
				D9D0C9F021B23AC2008FC8DF /* Algorithm.app */,
			);
			name = Products;
			sourceTree = "<group>";
		};
		D9D0C9F221B23AC2008FC8DF /* Algorithm */ = {
			isa = PBXGroup;
			children = (
				D9E0EC0424555EFF001062E4 /* Node */,
				D9E0EC0024555D06001062E4 /* Scene */,
				D92348722455361300A47B77 /* ViewController */,
				D923487324553CC400A47B77 /* Helper */,
				D9D0C9FA21B23AC5008FC8DF /* Assets.xcassets */,
				D9D0C9FC21B23AC5008FC8DF /* LaunchScreen.storyboard */,
				D9D0C9FF21B23AC5008FC8DF /* Info.plist */,
				D9D0C9F321B23AC2008FC8DF /* AppDelegate.swift */,
			);
			path = Algorithm;
			sourceTree = "<group>";
		};
		D9E0EC0024555D06001062E4 /* Scene */ = {
			isa = PBXGroup;
			children = (
				D9E0EC0124555D1F001062E4 /* PullingPoleScene.swift */,
				D9E0EC0B245561CF001062E4 /* TowerOfHanoiScene.swift */,
				D9BA9765245EACFB000243DB /* BubbleSortScene.swift */,
			);
			path = Scene;
			sourceTree = "<group>";
		};
		D9E0EC0424555EFF001062E4 /* Node */ = {
			isa = PBXGroup;
			children = (
				D9E0EC0524555F0D001062E4 /* Tile.swift */,
				D9E0EC072455617A001062E4 /* Stick.swift */,
				D9E0EC09245561A7001062E4 /* Disk.swift */,
			);
			path = Node;
			sourceTree = "<group>";
		};
/* End PBXGroup section */

/* Begin PBXNativeTarget section */
		D9D0C9EF21B23AC2008FC8DF /* Algorithm */ = {
			isa = PBXNativeTarget;
			buildConfigurationList = D9D0CA1821B23AC6008FC8DF /* Build configuration list for PBXNativeTarget "Algorithm" */;
			buildPhases = (
				D9D0C9EC21B23AC2008FC8DF /* Sources */,
				D9D0C9ED21B23AC2008FC8DF /* Frameworks */,
				D9D0C9EE21B23AC2008FC8DF /* Resources */,
			);
			buildRules = (
			);
			dependencies = (
			);
			name = Algorithm;
			productName = Algorithm;
			productReference = D9D0C9F021B23AC2008FC8DF /* Algorithm.app */;
			productType = "com.apple.product-type.application";
		};
/* End PBXNativeTarget section */

/* Begin PBXProject section */
		D9D0C9E821B23AC2008FC8DF /* Project object */ = {
			isa = PBXProject;
			attributes = {
				LastSwiftUpdateCheck = 1010;
				LastUpgradeCheck = 1010;
				ORGANIZATIONNAME = "";
				TargetAttributes = {
					D9D0C9EF21B23AC2008FC8DF = {
						CreatedOnToolsVersion = 10.1;
						LastSwiftMigration = 1020;
					};
				};
			};
			buildConfigurationList = D9D0C9EB21B23AC2008FC8DF /* Build configuration list for PBXProject "Algorithm" */;
			compatibilityVersion = "Xcode 9.3";
			developmentRegion = en;
			hasScannedForEncodings = 0;
			knownRegions = (
				en,
				Base,
			);
			mainGroup = D9D0C9E721B23AC2008FC8DF;
			productRefGroup = D9D0C9F121B23AC2008FC8DF /* Products */;
			projectDirPath = "";
			projectRoot = "";
			targets = (
				D9D0C9EF21B23AC2008FC8DF /* Algorithm */,
			);
		};
/* End PBXProject section */

/* Begin PBXResourcesBuildPhase section */
		D9D0C9EE21B23AC2008FC8DF /* Resources */ = {
			isa = PBXResourcesBuildPhase;
			buildActionMask = 2147483647;
			files = (
				D9D0C9FE21B23AC5008FC8DF /* LaunchScreen.storyboard in Resources */,
				D9D0C9FB21B23AC5008FC8DF /* Assets.xcassets in Resources */,
				D94948B423DBE911001C646C /* README.md in Resources */,
			);
			runOnlyForDeploymentPostprocessing = 0;
		};
/* End PBXResourcesBuildPhase section */

/* Begin PBXSourcesBuildPhase section */
		D9D0C9EC21B23AC2008FC8DF /* Sources */ = {
			isa = PBXSourcesBuildPhase;
			buildActionMask = 2147483647;
			files = (
				D9E0EBFF24555CA5001062E4 /* PullingPoleViewController.swift in Sources */,
				D923487524553CDA00A47B77 /* Extension.swift in Sources */,
				D9E0EC0224555D1F001062E4 /* PullingPoleScene.swift in Sources */,
				D9E0EC0624555F0D001062E4 /* Tile.swift in Sources */,
				D9BA9766245EACFB000243DB /* BubbleSortScene.swift in Sources */,
				D9BA9764245EA08E000243DB /* BubbleSortViewController.swift in Sources */,
				D9E0EC082455617A001062E4 /* Stick.swift in Sources */,
				D9D0C9F621B23AC2008FC8DF /* HomeViewController.swift in Sources */,
				D9E0EC0A245561A7001062E4 /* Disk.swift in Sources */,
				D9E0EC0E24556218001062E4 /* TowerOfHanoiViewController.swift in Sources */,
				D9D0C9F421B23AC2008FC8DF /* AppDelegate.swift in Sources */,
				D9E0EC0C245561CF001062E4 /* TowerOfHanoiScene.swift in Sources */,
			);
			runOnlyForDeploymentPostprocessing = 0;
		};
/* End PBXSourcesBuildPhase section */

/* Begin PBXVariantGroup section */
		D9D0C9FC21B23AC5008FC8DF /* LaunchScreen.storyboard */ = {
			isa = PBXVariantGroup;
			children = (
				D9D0C9FD21B23AC5008FC8DF /* Base */,
			);
			name = LaunchScreen.storyboard;
			sourceTree = "<group>";
		};
/* End PBXVariantGroup section */

/* Begin XCBuildConfiguration section */
		D9D0CA1621B23AC6008FC8DF /* Debug */ = {
			isa = XCBuildConfiguration;
			buildSettings = {
				ALWAYS_SEARCH_USER_PATHS = NO;
				CLANG_ANALYZER_NONNULL = YES;
				CLANG_ANALYZER_NUMBER_OBJECT_CONVERSION = YES_AGGRESSIVE;
				CLANG_CXX_LANGUAGE_STANDARD = "gnu++14";
				CLANG_CXX_LIBRARY = "libc++";
				CLANG_ENABLE_MODULES = YES;
				CLANG_ENABLE_OBJC_ARC = YES;
				CLANG_ENABLE_OBJC_WEAK = YES;
				CLANG_WARN_BLOCK_CAPTURE_AUTORELEASING = YES;
				CLANG_WARN_BOOL_CONVERSION = YES;
				CLANG_WARN_COMMA = YES;
				CLANG_WARN_CONSTANT_CONVERSION = YES;
				CLANG_WARN_DEPRECATED_OBJC_IMPLEMENTATIONS = YES;
				CLANG_WARN_DIRECT_OBJC_ISA_USAGE = YES_ERROR;
				CLANG_WARN_DOCUMENTATION_COMMENTS = YES;
				CLANG_WARN_EMPTY_BODY = YES;
				CLANG_WARN_ENUM_CONVERSION = YES;
				CLANG_WARN_INFINITE_RECURSION = YES;
				CLANG_WARN_INT_CONVERSION = YES;
				CLANG_WARN_NON_LITERAL_NULL_CONVERSION = YES;
				CLANG_WARN_OBJC_IMPLICIT_RETAIN_SELF = YES;
				CLANG_WARN_OBJC_LITERAL_CONVERSION = YES;
				CLANG_WARN_OBJC_ROOT_CLASS = YES_ERROR;
				CLANG_WARN_RANGE_LOOP_ANALYSIS = YES;
				CLANG_WARN_STRICT_PROTOTYPES = YES;
				CLANG_WARN_SUSPICIOUS_MOVE = YES;
				CLANG_WARN_UNGUARDED_AVAILABILITY = YES_AGGRESSIVE;
				CLANG_WARN_UNREACHABLE_CODE = YES;
				CLANG_WARN__DUPLICATE_METHOD_MATCH = YES;
				CODE_SIGN_IDENTITY = "iPhone Developer";
				COPY_PHASE_STRIP = NO;
				DEBUG_INFORMATION_FORMAT = dwarf;
				ENABLE_STRICT_OBJC_MSGSEND = YES;
				ENABLE_TESTABILITY = YES;
				GCC_C_LANGUAGE_STANDARD = gnu11;
				GCC_DYNAMIC_NO_PIC = NO;
				GCC_NO_COMMON_BLOCKS = YES;
				GCC_OPTIMIZATION_LEVEL = 0;
				GCC_PREPROCESSOR_DEFINITIONS = (
					"DEBUG=1",
					"$(inherited)",
				);
				GCC_WARN_64_TO_32_BIT_CONVERSION = YES;
				GCC_WARN_ABOUT_RETURN_TYPE = YES_ERROR;
				GCC_WARN_UNDECLARED_SELECTOR = YES;
				GCC_WARN_UNINITIALIZED_AUTOS = YES_AGGRESSIVE;
				GCC_WARN_UNUSED_FUNCTION = YES;
				GCC_WARN_UNUSED_VARIABLE = YES;
				IPHONEOS_DEPLOYMENT_TARGET = 12.1;
				MTL_ENABLE_DEBUG_INFO = INCLUDE_SOURCE;
				MTL_FAST_MATH = YES;
				ONLY_ACTIVE_ARCH = YES;
				SDKROOT = iphoneos;
				SWIFT_ACTIVE_COMPILATION_CONDITIONS = DEBUG;
				SWIFT_OPTIMIZATION_LEVEL = "-Onone";
			};
			name = Debug;
		};
		D9D0CA1721B23AC6008FC8DF /* Release */ = {
			isa = XCBuildConfiguration;
			buildSettings = {
				ALWAYS_SEARCH_USER_PATHS = NO;
				CLANG_ANALYZER_NONNULL = YES;
				CLANG_ANALYZER_NUMBER_OBJECT_CONVERSION = YES_AGGRESSIVE;
				CLANG_CXX_LANGUAGE_STANDARD = "gnu++14";
				CLANG_CXX_LIBRARY = "libc++";
				CLANG_ENABLE_MODULES = YES;
				CLANG_ENABLE_OBJC_ARC = YES;
				CLANG_ENABLE_OBJC_WEAK = YES;
				CLANG_WARN_BLOCK_CAPTURE_AUTORELEASING = YES;
				CLANG_WARN_BOOL_CONVERSION = YES;
				CLANG_WARN_COMMA = YES;
				CLANG_WARN_CONSTANT_CONVERSION = YES;
				CLANG_WARN_DEPRECATED_OBJC_IMPLEMENTATIONS = YES;
				CLANG_WARN_DIRECT_OBJC_ISA_USAGE = YES_ERROR;
				CLANG_WARN_DOCUMENTATION_COMMENTS = YES;
				CLANG_WARN_EMPTY_BODY = YES;
				CLANG_WARN_ENUM_CONVERSION = YES;
				CLANG_WARN_INFINITE_RECURSION = YES;
				CLANG_WARN_INT_CONVERSION = YES;
				CLANG_WARN_NON_LITERAL_NULL_CONVERSION = YES;
				CLANG_WARN_OBJC_IMPLICIT_RETAIN_SELF = YES;
				CLANG_WARN_OBJC_LITERAL_CONVERSION = YES;
				CLANG_WARN_OBJC_ROOT_CLASS = YES_ERROR;
				CLANG_WARN_RANGE_LOOP_ANALYSIS = YES;
				CLANG_WARN_STRICT_PROTOTYPES = YES;
				CLANG_WARN_SUSPICIOUS_MOVE = YES;
				CLANG_WARN_UNGUARDED_AVAILABILITY = YES_AGGRESSIVE;
				CLANG_WARN_UNREACHABLE_CODE = YES;
				CLANG_WARN__DUPLICATE_METHOD_MATCH = YES;
				CODE_SIGN_IDENTITY = "iPhone Developer";
				COPY_PHASE_STRIP = NO;
				DEBUG_INFORMATION_FORMAT = "dwarf-with-dsym";
				ENABLE_NS_ASSERTIONS = NO;
				ENABLE_STRICT_OBJC_MSGSEND = YES;
				GCC_C_LANGUAGE_STANDARD = gnu11;
				GCC_NO_COMMON_BLOCKS = YES;
				GCC_WARN_64_TO_32_BIT_CONVERSION = YES;
				GCC_WARN_ABOUT_RETURN_TYPE = YES_ERROR;
				GCC_WARN_UNDECLARED_SELECTOR = YES;
				GCC_WARN_UNINITIALIZED_AUTOS = YES_AGGRESSIVE;
				GCC_WARN_UNUSED_FUNCTION = YES;
				GCC_WARN_UNUSED_VARIABLE = YES;
				IPHONEOS_DEPLOYMENT_TARGET = 12.1;
				MTL_ENABLE_DEBUG_INFO = NO;
				MTL_FAST_MATH = YES;
				SDKROOT = iphoneos;
				SWIFT_COMPILATION_MODE = wholemodule;
				SWIFT_OPTIMIZATION_LEVEL = "-O";
				VALIDATE_PRODUCT = YES;
			};
			name = Release;
		};
		D9D0CA1921B23AC6008FC8DF /* Debug */ = {
			isa = XCBuildConfiguration;
			buildSettings = {
				ASSETCATALOG_COMPILER_APPICON_NAME = AppIcon;
				CODE_SIGN_STYLE = Automatic;
				DEVELOPMENT_TEAM = W62973XF37;
				INFOPLIST_FILE = Algorithm/Info.plist;
				IPHONEOS_DEPLOYMENT_TARGET = 13.2;
				LD_RUNPATH_SEARCH_PATHS = (
					"$(inherited)",
					"@executable_path/Frameworks",
				);
				PRODUCT_BUNDLE_IDENTIFIER = com.tosru.Algorithm;
				PRODUCT_NAME = "$(TARGET_NAME)";
				SWIFT_VERSION = 5.0;
				TARGETED_DEVICE_FAMILY = 1;
			};
			name = Debug;
		};
		D9D0CA1A21B23AC6008FC8DF /* Release */ = {
			isa = XCBuildConfiguration;
			buildSettings = {
				ASSETCATALOG_COMPILER_APPICON_NAME = AppIcon;
				CODE_SIGN_STYLE = Automatic;
				DEVELOPMENT_TEAM = W62973XF37;
				INFOPLIST_FILE = Algorithm/Info.plist;
				IPHONEOS_DEPLOYMENT_TARGET = 13.2;
				LD_RUNPATH_SEARCH_PATHS = (
					"$(inherited)",
					"@executable_path/Frameworks",
				);
				PRODUCT_BUNDLE_IDENTIFIER = com.tosru.Algorithm;
				PRODUCT_NAME = "$(TARGET_NAME)";
				SWIFT_VERSION = 5.0;
				TARGETED_DEVICE_FAMILY = 1;
			};
			name = Release;
		};
/* End XCBuildConfiguration section */

/* Begin XCConfigurationList section */
		D9D0C9EB21B23AC2008FC8DF /* Build configuration list for PBXProject "Algorithm" */ = {
			isa = XCConfigurationList;
			buildConfigurations = (
				D9D0CA1621B23AC6008FC8DF /* Debug */,
				D9D0CA1721B23AC6008FC8DF /* Release */,
			);
			defaultConfigurationIsVisible = 0;
			defaultConfigurationName = Release;
		};
		D9D0CA1821B23AC6008FC8DF /* Build configuration list for PBXNativeTarget "Algorithm" */ = {
			isa = XCConfigurationList;
			buildConfigurations = (
				D9D0CA1921B23AC6008FC8DF /* Debug */,
				D9D0CA1A21B23AC6008FC8DF /* Release */,
			);
			defaultConfigurationIsVisible = 0;
			defaultConfigurationName = Release;
		};
/* End XCConfigurationList section */
	};
	rootObject = D9D0C9E821B23AC2008FC8DF /* Project object */;
}
